
Microsoft Visual Studio Solution File, Format Version 12.00
# Visual Studio Version 16
VisualStudioVersion = 16.0.31424.327
MinimumVisualStudioVersion = 10.0.40219.1
Project("{FAE04EC0-301F-11D3-BF4B-00C04F79EFBC}") = "MineSweeper", "MineSweeper\MineSweeper.csproj", "{9BDBEEBF-8EC1-4CD8-809B-8A94EB05365B}"
EndProject
Global
	GlobalSection(SolutionConfigurationPlatforms) = preSolution
		Debug|Any CPU = Debug|Any CPU
		Release|Any CPU = Release|Any CPU
	EndGlobalSection
	GlobalSection(ProjectConfigurationPlatforms) = postSolution
		{9BDBEEBF-8EC1-4CD8-809B-8A94EB05365B}.Debug|Any CPU.ActiveCfg = Debug|Any CPU
		{9BDBEEBF-8EC1-4CD8-809B-8A94EB05365B}.Debug|Any CPU.Build.0 = Debug|Any CPU
		{9BDBEEBF-8EC1-4CD8-809B-8A94EB05365B}.Release|Any CPU.ActiveCfg = Release|Any CPU
		{9BDBEEBF-8EC1-4CD8-809B-8A94EB05365B}.Release|Any CPU.Build.0 = Release|Any CPU
	EndGlobalSection
	GlobalSection(SolutionProperties) = preSolution
		HideSolutionNode = FALSE
	EndGlobalSection
	GlobalSection(ExtensibilityGlobals) = postSolution
		SolutionGuid = {C401162E-8AD2-4A9F-A600-FD20CAF65436}
	EndGlobalSection
EndGlobal
